
Microsoft Visual Studio Solution File, Format Version 12.00
# Visual Studio Version 17
VisualStudioVersion = 17.7.34031.279
MinimumVisualStudioVersion = 10.0.40219.1
Project("{9A19103F-16F7-4668-BE54-9A1E7A4F7556}") = "CadastroUsuario.API", "CadastroUsuario.API.csproj", "{A8CA1EDE-E92C-4DB2-93CF-82036E2EC5F8}"
EndProject
Project("{FAE04EC0-301F-11D3-BF4B-00C04F79EFBC}") = "Domain", "..\Domain\Domain.csproj", "{A375E0DD-6123-4FD6-8F14-252A45A1313D}"
EndProject
Global
	GlobalSection(SolutionConfigurationPlatforms) = preSolution
		Debug|Any CPU = Debug|Any CPU
		Release|Any CPU = Release|Any CPU
	EndGlobalSection
	GlobalSection(ProjectConfigurationPlatforms) = postSolution
		{A8CA1EDE-E92C-4DB2-93CF-82036E2EC5F8}.Debug|Any CPU.ActiveCfg = Debug|Any CPU
		{A8CA1EDE-E92C-4DB2-93CF-82036E2EC5F8}.Debug|Any CPU.Build.0 = Debug|Any CPU
		{A8CA1EDE-E92C-4DB2-93CF-82036E2EC5F8}.Release|Any CPU.ActiveCfg = Release|Any CPU
		{A8CA1EDE-E92C-4DB2-93CF-82036E2EC5F8}.Release|Any CPU.Build.0 = Release|Any CPU
		{A375E0DD-6123-4FD6-8F14-252A45A1313D}.Debug|Any CPU.ActiveCfg = Debug|Any CPU
		{A375E0DD-6123-4FD6-8F14-252A45A1313D}.Debug|Any CPU.Build.0 = Debug|Any CPU
		{A375E0DD-6123-4FD6-8F14-252A45A1313D}.Release|Any CPU.ActiveCfg = Release|Any CPU
		{A375E0DD-6123-4FD6-8F14-252A45A1313D}.Release|Any CPU.Build.0 = Release|Any CPU
	EndGlobalSection
	GlobalSection(SolutionProperties) = preSolution
		HideSolutionNode = FALSE
	EndGlobalSection
	GlobalSection(ExtensibilityGlobals) = postSolution
		SolutionGuid = {98438BBB-ECE3-45C6-915E-BCA8B285F5A0}
	EndGlobalSection
EndGlobal
